
Microsoft Visual Studio Solution File, Format Version 12.00
# Visual Studio Version 17
VisualStudioVersion = 17.8.34316.72
MinimumVisualStudioVersion = 10.0.40219.1
Project("{8BC9CEB8-8B4A-11D0-8D11-00A0C91BC942}") = "nes_cpp", "nes_cpp.vcxproj", "{BA9BBB6D-2418-4DB2-82FC-967B04BD4090}"
EndProject
Global
	GlobalSection(SolutionConfigurationPlatforms) = preSolution
		Debug|x64 = Debug|x64
		Debug|x86 = Debug|x86
		Release|x64 = Release|x64
		Release|x86 = Release|x86
	EndGlobalSection
	GlobalSection(ProjectConfigurationPlatforms) = postSolution
		{BA9BBB6D-2418-4DB2-82FC-967B04BD4090}.Debug|x64.ActiveCfg = Debug|x64
		{BA9BBB6D-2418-4DB2-82FC-967B04BD4090}.Debug|x64.Build.0 = Debug|x64
		{BA9BBB6D-2418-4DB2-82FC-967B04BD4090}.Debug|x86.ActiveCfg = Debug|Win32
		{BA9BBB6D-2418-4DB2-82FC-967B04BD4090}.Debug|x86.Build.0 = Debug|Win32
		{BA9BBB6D-2418-4DB2-82FC-967B04BD4090}.Release|x64.ActiveCfg = Release|x64
		{BA9BBB6D-2418-4DB2-82FC-967B04BD4090}.Release|x64.Build.0 = Release|x64
		{BA9BBB6D-2418-4DB2-82FC-967B04BD4090}.Release|x86.ActiveCfg = Release|Win32
		{BA9BBB6D-2418-4DB2-82FC-967B04BD4090}.Release|x86.Build.0 = Release|Win32
	EndGlobalSection
	GlobalSection(SolutionProperties) = preSolution
		HideSolutionNode = FALSE
	EndGlobalSection
	GlobalSection(ExtensibilityGlobals) = postSolution
		SolutionGuid = {6466AF70-E954-4BBE-9BE4-A91BA738E1FC}
	EndGlobalSection
EndGlobal
